// !$*UTF8*$!
{
	archiveVersion = 1;
	classes = {
	};
	objectVersion = 55;
	objects = {

/* Begin PBXBuildFile section */
		620D69D1271349830018F117 /* Logging in Frameworks */ = {isa = PBXBuildFile; productRef = 620D69D0271349830018F117 /* Logging */; };
		620D69D3271349BB0018F117 /* Log.swift in Sources */ = {isa = PBXBuildFile; fileRef = 620D69D2271349BB0018F117 /* Log.swift */; };
		620D69D6271429370018F117 /* HomeViewController.swift in Sources */ = {isa = PBXBuildFile; fileRef = 620D69D5271429370018F117 /* HomeViewController.swift */; };
		620D69DB27142CB80018F117 /* HomeMessageCell.swift in Sources */ = {isa = PBXBuildFile; fileRef = 620D69DA27142CB80018F117 /* HomeMessageCell.swift */; };
		620D69DD27146BEF0018F117 /* MessageStore.swift in Sources */ = {isa = PBXBuildFile; fileRef = 620D69DC27146BEF0018F117 /* MessageStore.swift */; };
		620D69DF27146CE30018F117 /* WeiboMessage.swift in Sources */ = {isa = PBXBuildFile; fileRef = 620D69DE27146CE30018F117 /* WeiboMessage.swift */; };
		623645E32717748C000EA644 /* WeiboService.swift in Sources */ = {isa = PBXBuildFile; fileRef = 623645E22717748C000EA644 /* WeiboService.swift */; };
		6237F70426E9F12D0064A2DA /* TagCloudLayout.swift in Sources */ = {isa = PBXBuildFile; fileRef = 6237F70326E9F12D0064A2DA /* TagCloudLayout.swift */; };
		6245706F273DD53C00C89F83 /* MessageCache.swift in Sources */ = {isa = PBXBuildFile; fileRef = 6245706E273DD53C00C89F83 /* MessageCache.swift */; };
		62457071273E6B2300C89F83 /* FileHelper.swift in Sources */ = {isa = PBXBuildFile; fileRef = 62457070273E6B2300C89F83 /* FileHelper.swift */; };
		624ED2132718BE8E00BF2D9F /* Kanna in Frameworks */ = {isa = PBXBuildFile; productRef = 624ED2122718BE8E00BF2D9F /* Kanna */; };
		6258A0E826C6733300CDA04A /* RecruitmentViewController.swift in Sources */ = {isa = PBXBuildFile; fileRef = 6258A0E726C6733300CDA04A /* RecruitmentViewController.swift */; };
		6258A0EA26C6734E00CDA04A /* RecruitmentLogicController.swift in Sources */ = {isa = PBXBuildFile; fileRef = 6258A0E926C6734E00CDA04A /* RecruitmentLogicController.swift */; };
		6258A0EF26C674BB00CDA04A /* Character.swift in Sources */ = {isa = PBXBuildFile; fileRef = 6258A0EE26C674BB00CDA04A /* Character.swift */; };
		6258A0F126C674FD00CDA04A /* RecruitmentStore.swift in Sources */ = {isa = PBXBuildFile; fileRef = 6258A0F026C674FD00CDA04A /* RecruitmentStore.swift */; };
		6258A0F426C7C3EE00CDA04A /* character_table.json in Resources */ = {isa = PBXBuildFile; fileRef = 6258A0F326C7C3EE00CDA04A /* character_table.json */; };
		6258A0F626C7CB5B00CDA04A /* CharacterStore.swift in Sources */ = {isa = PBXBuildFile; fileRef = 6258A0F526C7CB5B00CDA04A /* CharacterStore.swift */; };
		6258A0F826C83DAF00CDA04A /* RecruitmentTagViewController.swift in Sources */ = {isa = PBXBuildFile; fileRef = 6258A0F726C83DAF00CDA04A /* RecruitmentTagViewController.swift */; };
		62607B0A26C9B10500112C90 /* RecruitmentSelectionTableViewCell.swift in Sources */ = {isa = PBXBuildFile; fileRef = 62607B0926C9B10500112C90 /* RecruitmentSelectionTableViewCell.swift */; };
		62607B0F26C9B4DA00112C90 /* TagCollectionView.swift in Sources */ = {isa = PBXBuildFile; fileRef = 62607B0E26C9B4DA00112C90 /* TagCollectionView.swift */; };
		627A3D8C2714944000D56876 /* Defaults.swift in Sources */ = {isa = PBXBuildFile; fileRef = 627A3D8B2714944000D56876 /* Defaults.swift */; };
		6294747D26D92DC4008EAC69 /* TagCloudCollectionViewCell.swift in Sources */ = {isa = PBXBuildFile; fileRef = 6294747C26D92DC4008EAC69 /* TagCloudCollectionViewCell.swift */; };
		62A2D60B270CEE3900E89A6D /* RecruitmentResultTableViewCell.swift in Sources */ = {isa = PBXBuildFile; fileRef = 62A2D60A270CEE3900E89A6D /* RecruitmentResultTableViewCell.swift */; };
		62AEF78326C310DA00086004 /* AppDelegate.swift in Sources */ = {isa = PBXBuildFile; fileRef = 62AEF78226C310DA00086004 /* AppDelegate.swift */; };
		62AEF78526C310DA00086004 /* SceneDelegate.swift in Sources */ = {isa = PBXBuildFile; fileRef = 62AEF78426C310DA00086004 /* SceneDelegate.swift */; };
		62AEF78726C310DA00086004 /* ViewController.swift in Sources */ = {isa = PBXBuildFile; fileRef = 62AEF78626C310DA00086004 /* ViewController.swift */; };
		62AEF78A26C310DA00086004 /* Main.storyboard in Resources */ = {isa = PBXBuildFile; fileRef = 62AEF78826C310DA00086004 /* Main.storyboard */; };
		62AEF78C26C310DC00086004 /* Assets.xcassets in Resources */ = {isa = PBXBuildFile; fileRef = 62AEF78B26C310DC00086004 /* Assets.xcassets */; };
		62AEF78F26C310DC00086004 /* LaunchScreen.storyboard in Resources */ = {isa = PBXBuildFile; fileRef = 62AEF78D26C310DC00086004 /* LaunchScreen.storyboard */; };
		62AEF79A26C310DC00086004 /* ArknightsNoteTests.swift in Sources */ = {isa = PBXBuildFile; fileRef = 62AEF79926C310DC00086004 /* ArknightsNoteTests.swift */; };
		62AEF7A426C310DC00086004 /* ArknightsNoteUITests.swift in Sources */ = {isa = PBXBuildFile; fileRef = 62AEF7A326C310DC00086004 /* ArknightsNoteUITests.swift */; };
		62C121C327558BC800F00B66 /* CharacterViewController.swift in Sources */ = {isa = PBXBuildFile; fileRef = 62C121C227558BC800F00B66 /* CharacterViewController.swift */; };
		62C121C827558C4000F00B66 /* CharacterTableViewCell.swift in Sources */ = {isa = PBXBuildFile; fileRef = 62C121C627558C4000F00B66 /* CharacterTableViewCell.swift */; };
		62C121C927558C4000F00B66 /* CharacterTableViewCell.xib in Resources */ = {isa = PBXBuildFile; fileRef = 62C121C727558C4000F00B66 /* CharacterTableViewCell.xib */; };
		62D9ADC7274A678900EC9C3B /* Agent.swift in Sources */ = {isa = PBXBuildFile; fileRef = 62D9ADC6274A678900EC9C3B /* Agent.swift */; };
		62D9ADC9274A6EEA00EC9C3B /* AppError.swift in Sources */ = {isa = PBXBuildFile; fileRef = 62D9ADC8274A6EEA00EC9C3B /* AppError.swift */; };
		62D9ADCB274A91D400EC9C3B /* Util.swift in Sources */ = {isa = PBXBuildFile; fileRef = 62D9ADCA274A91D400EC9C3B /* Util.swift */; };
		62D9ADCD274A976600EC9C3B /* Extensions.swift in Sources */ = {isa = PBXBuildFile; fileRef = 62D9ADCC274A976600EC9C3B /* Extensions.swift */; };
		62EE4096273EB4D7003F3BE5 /* SettingsViewController.swift in Sources */ = {isa = PBXBuildFile; fileRef = 62EE4095273EB4D6003F3BE5 /* SettingsViewController.swift */; };
/* End PBXBuildFile section */

/* Begin PBXContainerItemProxy section */
		62AEF79626C310DC00086004 /* PBXContainerItemProxy */ = {
			isa = PBXContainerItemProxy;
			containerPortal = 62AEF77726C310DA00086004 /* Project object */;
			proxyType = 1;
			remoteGlobalIDString = 62AEF77E26C310DA00086004;
			remoteInfo = ArknightsNote;
		};
		62AEF7A026C310DC00086004 /* PBXContainerItemProxy */ = {
			isa = PBXContainerItemProxy;
			containerPortal = 62AEF77726C310DA00086004 /* Project object */;
			proxyType = 1;
			remoteGlobalIDString = 62AEF77E26C310DA00086004;
			remoteInfo = ArknightsNote;
		};
/* End PBXContainerItemProxy section */

/* Begin PBXFileReference section */
		620D69D2271349BB0018F117 /* Log.swift */ = {isa = PBXFileReference; lastKnownFileType = sourcecode.swift; path = Log.swift; sourceTree = "<group>"; };
		620D69D5271429370018F117 /* HomeViewController.swift */ = {isa = PBXFileReference; lastKnownFileType = sourcecode.swift; path = HomeViewController.swift; sourceTree = "<group>"; };
		620D69DA27142CB80018F117 /* HomeMessageCell.swift */ = {isa = PBXFileReference; lastKnownFileType = sourcecode.swift; path = HomeMessageCell.swift; sourceTree = "<group>"; };
		620D69DC27146BEF0018F117 /* MessageStore.swift */ = {isa = PBXFileReference; lastKnownFileType = sourcecode.swift; path = MessageStore.swift; sourceTree = "<group>"; };
		620D69DE27146CE30018F117 /* WeiboMessage.swift */ = {isa = PBXFileReference; lastKnownFileType = sourcecode.swift; path = WeiboMessage.swift; sourceTree = "<group>"; };
		623645E22717748C000EA644 /* WeiboService.swift */ = {isa = PBXFileReference; lastKnownFileType = sourcecode.swift; path = WeiboService.swift; sourceTree = "<group>"; };
		6237F70326E9F12D0064A2DA /* TagCloudLayout.swift */ = {isa = PBXFileReference; lastKnownFileType = sourcecode.swift; path = TagCloudLayout.swift; sourceTree = "<group>"; };
		6245706E273DD53C00C89F83 /* MessageCache.swift */ = {isa = PBXFileReference; lastKnownFileType = sourcecode.swift; path = MessageCache.swift; sourceTree = "<group>"; };
		62457070273E6B2300C89F83 /* FileHelper.swift */ = {isa = PBXFileReference; lastKnownFileType = sourcecode.swift; path = FileHelper.swift; sourceTree = "<group>"; };
		6258A0E726C6733300CDA04A /* RecruitmentViewController.swift */ = {isa = PBXFileReference; lastKnownFileType = sourcecode.swift; path = RecruitmentViewController.swift; sourceTree = "<group>"; };
		6258A0E926C6734E00CDA04A /* RecruitmentLogicController.swift */ = {isa = PBXFileReference; lastKnownFileType = sourcecode.swift; path = RecruitmentLogicController.swift; sourceTree = "<group>"; };
		6258A0EE26C674BB00CDA04A /* Character.swift */ = {isa = PBXFileReference; lastKnownFileType = sourcecode.swift; path = Character.swift; sourceTree = "<group>"; };
		6258A0F026C674FD00CDA04A /* RecruitmentStore.swift */ = {isa = PBXFileReference; lastKnownFileType = sourcecode.swift; path = RecruitmentStore.swift; sourceTree = "<group>"; };
		6258A0F326C7C3EE00CDA04A /* character_table.json */ = {isa = PBXFileReference; fileEncoding = 4; lastKnownFileType = text.json; path = character_table.json; sourceTree = "<group>"; };
		6258A0F526C7CB5B00CDA04A /* CharacterStore.swift */ = {isa = PBXFileReference; lastKnownFileType = sourcecode.swift; path = CharacterStore.swift; sourceTree = "<group>"; };
		6258A0F726C83DAF00CDA04A /* RecruitmentTagViewController.swift */ = {isa = PBXFileReference; lastKnownFileType = sourcecode.swift; path = RecruitmentTagViewController.swift; sourceTree = "<group>"; };
		62607B0926C9B10500112C90 /* RecruitmentSelectionTableViewCell.swift */ = {isa = PBXFileReference; lastKnownFileType = sourcecode.swift; path = RecruitmentSelectionTableViewCell.swift; sourceTree = "<group>"; };
		62607B0E26C9B4DA00112C90 /* TagCollectionView.swift */ = {isa = PBXFileReference; lastKnownFileType = sourcecode.swift; path = TagCollectionView.swift; sourceTree = "<group>"; };
		627A3D8B2714944000D56876 /* Defaults.swift */ = {isa = PBXFileReference; lastKnownFileType = sourcecode.swift; path = Defaults.swift; sourceTree = "<group>"; };
		6294747C26D92DC4008EAC69 /* TagCloudCollectionViewCell.swift */ = {isa = PBXFileReference; lastKnownFileType = sourcecode.swift; path = TagCloudCollectionViewCell.swift; sourceTree = "<group>"; };
		62A2D60A270CEE3900E89A6D /* RecruitmentResultTableViewCell.swift */ = {isa = PBXFileReference; lastKnownFileType = sourcecode.swift; path = RecruitmentResultTableViewCell.swift; sourceTree = "<group>"; };
		62AEF77F26C310DA00086004 /* ArknightsNote.app */ = {isa = PBXFileReference; explicitFileType = wrapper.application; includeInIndex = 0; path = ArknightsNote.app; sourceTree = BUILT_PRODUCTS_DIR; };
		62AEF78226C310DA00086004 /* AppDelegate.swift */ = {isa = PBXFileReference; lastKnownFileType = sourcecode.swift; path = AppDelegate.swift; sourceTree = "<group>"; };
		62AEF78426C310DA00086004 /* SceneDelegate.swift */ = {isa = PBXFileReference; lastKnownFileType = sourcecode.swift; path = SceneDelegate.swift; sourceTree = "<group>"; };
		62AEF78626C310DA00086004 /* ViewController.swift */ = {isa = PBXFileReference; lastKnownFileType = sourcecode.swift; path = ViewController.swift; sourceTree = "<group>"; };
		62AEF78926C310DA00086004 /* Base */ = {isa = PBXFileReference; lastKnownFileType = file.storyboard; name = Base; path = Base.lproj/Main.storyboard; sourceTree = "<group>"; };
		62AEF78B26C310DC00086004 /* Assets.xcassets */ = {isa = PBXFileReference; lastKnownFileType = folder.assetcatalog; path = Assets.xcassets; sourceTree = "<group>"; };
		62AEF78E26C310DC00086004 /* Base */ = {isa = PBXFileReference; lastKnownFileType = file.storyboard; name = Base; path = Base.lproj/LaunchScreen.storyboard; sourceTree = "<group>"; };
		62AEF79026C310DC00086004 /* Info.plist */ = {isa = PBXFileReference; lastKnownFileType = text.plist.xml; path = Info.plist; sourceTree = "<group>"; };
		62AEF79526C310DC00086004 /* ArknightsNoteTests.xctest */ = {isa = PBXFileReference; explicitFileType = wrapper.cfbundle; includeInIndex = 0; path = ArknightsNoteTests.xctest; sourceTree = BUILT_PRODUCTS_DIR; };
		62AEF79926C310DC00086004 /* ArknightsNoteTests.swift */ = {isa = PBXFileReference; lastKnownFileType = sourcecode.swift; path = ArknightsNoteTests.swift; sourceTree = "<group>"; };
		62AEF79F26C310DC00086004 /* ArknightsNoteUITests.xctest */ = {isa = PBXFileReference; explicitFileType = wrapper.cfbundle; includeInIndex = 0; path = ArknightsNoteUITests.xctest; sourceTree = BUILT_PRODUCTS_DIR; };
		62AEF7A326C310DC00086004 /* ArknightsNoteUITests.swift */ = {isa = PBXFileReference; lastKnownFileType = sourcecode.swift; path = ArknightsNoteUITests.swift; sourceTree = "<group>"; };
		62C121C227558BC800F00B66 /* CharacterViewController.swift */ = {isa = PBXFileReference; lastKnownFileType = sourcecode.swift; path = CharacterViewController.swift; sourceTree = "<group>"; };
		62C121C627558C4000F00B66 /* CharacterTableViewCell.swift */ = {isa = PBXFileReference; lastKnownFileType = sourcecode.swift; path = CharacterTableViewCell.swift; sourceTree = "<group>"; };
		62C121C727558C4000F00B66 /* CharacterTableViewCell.xib */ = {isa = PBXFileReference; lastKnownFileType = file.xib; path = CharacterTableViewCell.xib; sourceTree = "<group>"; };
		62D9ADC6274A678900EC9C3B /* Agent.swift */ = {isa = PBXFileReference; lastKnownFileType = sourcecode.swift; path = Agent.swift; sourceTree = "<group>"; };
		62D9ADC8274A6EEA00EC9C3B /* AppError.swift */ = {isa = PBXFileReference; lastKnownFileType = sourcecode.swift; path = AppError.swift; sourceTree = "<group>"; };
		62D9ADCA274A91D400EC9C3B /* Util.swift */ = {isa = PBXFileReference; lastKnownFileType = sourcecode.swift; path = Util.swift; sourceTree = "<group>"; };
		62D9ADCC274A976600EC9C3B /* Extensions.swift */ = {isa = PBXFileReference; lastKnownFileType = sourcecode.swift; path = Extensions.swift; sourceTree = "<group>"; };
		62EE4095273EB4D6003F3BE5 /* SettingsViewController.swift */ = {isa = PBXFileReference; lastKnownFileType = sourcecode.swift; path = SettingsViewController.swift; sourceTree = "<group>"; };
/* End PBXFileReference section */

/* Begin PBXFrameworksBuildPhase section */
		62AEF77C26C310DA00086004 /* Frameworks */ = {
			isa = PBXFrameworksBuildPhase;
			buildActionMask = 2147483647;
			files = (
				624ED2132718BE8E00BF2D9F /* Kanna in Frameworks */,
				620D69D1271349830018F117 /* Logging in Frameworks */,
			);
			runOnlyForDeploymentPostprocessing = 0;
		};
		62AEF79226C310DC00086004 /* Frameworks */ = {
			isa = PBXFrameworksBuildPhase;
			buildActionMask = 2147483647;
			files = (
			);
			runOnlyForDeploymentPostprocessing = 0;
		};
		62AEF79C26C310DC00086004 /* Frameworks */ = {
			isa = PBXFrameworksBuildPhase;
			buildActionMask = 2147483647;
			files = (
			);
			runOnlyForDeploymentPostprocessing = 0;
		};
/* End PBXFrameworksBuildPhase section */

/* Begin PBXGroup section */
		620D69D42714291D0018F117 /* Home */ = {
			isa = PBXGroup;
			children = (
				620D69D827142C960018F117 /* View */,
				620D69D927142C9D0018F117 /* Controller */,
			);
			path = Home;
			sourceTree = "<group>";
		};
		620D69D727142A600018F117 /* Utility */ = {
			isa = PBXGroup;
			children = (
				620D69D2271349BB0018F117 /* Log.swift */,
				627A3D8B2714944000D56876 /* Defaults.swift */,
				62457070273E6B2300C89F83 /* FileHelper.swift */,
				62D9ADCA274A91D400EC9C3B /* Util.swift */,
			);
			path = Utility;
			sourceTree = "<group>";
		};
		620D69D827142C960018F117 /* View */ = {
			isa = PBXGroup;
			children = (
				620D69DA27142CB80018F117 /* HomeMessageCell.swift */,
			);
			path = View;
			sourceTree = "<group>";
		};
		620D69D927142C9D0018F117 /* Controller */ = {
			isa = PBXGroup;
			children = (
				620D69D5271429370018F117 /* HomeViewController.swift */,
			);
			path = Controller;
			sourceTree = "<group>";
		};
		623645E427181A08000EA644 /* Networking */ = {
			isa = PBXGroup;
			children = (
				62D9ADC6274A678900EC9C3B /* Agent.swift */,
				623645E22717748C000EA644 /* WeiboService.swift */,
			);
			path = Networking;
			sourceTree = "<group>";
		};
		6258A0EB26C6748200CDA04A /* Model */ = {
			isa = PBXGroup;
			children = (
				6258A0EE26C674BB00CDA04A /* Character.swift */,
				6258A0F526C7CB5B00CDA04A /* CharacterStore.swift */,
				6258A0F026C674FD00CDA04A /* RecruitmentStore.swift */,
				620D69DE27146CE30018F117 /* WeiboMessage.swift */,
				620D69DC27146BEF0018F117 /* MessageStore.swift */,
				6245706E273DD53C00C89F83 /* MessageCache.swift */,
			);
			path = Model;
			sourceTree = "<group>";
		};
		6258A0F226C7C3C200CDA04A /* Resource */ = {
			isa = PBXGroup;
			children = (
				6258A0F326C7C3EE00CDA04A /* character_table.json */,
			);
			path = Resource;
			sourceTree = "<group>";
		};
		625A74252759053E005455D4 /* Common Views */ = {
			isa = PBXGroup;
			children = (
				62607B0D26C9B44500112C90 /* TagCloud */,
			);
			path = "Common Views";
			sourceTree = "<group>";
		};
		62607B0D26C9B44500112C90 /* TagCloud */ = {
			isa = PBXGroup;
			children = (
				6237F70326E9F12D0064A2DA /* TagCloudLayout.swift */,
				62607B0E26C9B4DA00112C90 /* TagCollectionView.swift */,
				6294747C26D92DC4008EAC69 /* TagCloudCollectionViewCell.swift */,
			);
			path = TagCloud;
			sourceTree = "<group>";
		};
		62AEF77626C310DA00086004 = {
			isa = PBXGroup;
			children = (
				62AEF78126C310DA00086004 /* ArknightsNote */,
				62AEF79826C310DC00086004 /* ArknightsNoteTests */,
				62AEF7A226C310DC00086004 /* ArknightsNoteUITests */,
				62AEF78026C310DA00086004 /* Products */,
			);
			sourceTree = "<group>";
		};
		62AEF78026C310DA00086004 /* Products */ = {
			isa = PBXGroup;
			children = (
				62AEF77F26C310DA00086004 /* ArknightsNote.app */,
				62AEF79526C310DC00086004 /* ArknightsNoteTests.xctest */,
				62AEF79F26C310DC00086004 /* ArknightsNoteUITests.xctest */,
			);
			name = Products;
			sourceTree = "<group>";
		};
		62AEF78126C310DA00086004 /* ArknightsNote */ = {
			isa = PBXGroup;
			children = (
				625A74252759053E005455D4 /* Common Views */,
				62E3D557270599F200A3E412 /* Scene */,
				6258A0EB26C6748200CDA04A /* Model */,
				620D69D727142A600018F117 /* Utility */,
				6258A0F226C7C3C200CDA04A /* Resource */,
				623645E427181A08000EA644 /* Networking */,
				62AEF78226C310DA00086004 /* AppDelegate.swift */,
				62AEF78426C310DA00086004 /* SceneDelegate.swift */,
				62AEF78626C310DA00086004 /* ViewController.swift */,
				62AEF78826C310DA00086004 /* Main.storyboard */,
				62AEF78B26C310DC00086004 /* Assets.xcassets */,
				62AEF78D26C310DC00086004 /* LaunchScreen.storyboard */,
				62AEF79026C310DC00086004 /* Info.plist */,
				62D9ADC8274A6EEA00EC9C3B /* AppError.swift */,
				62D9ADCC274A976600EC9C3B /* Extensions.swift */,
			);
			path = ArknightsNote;
			sourceTree = "<group>";
		};
		62AEF79826C310DC00086004 /* ArknightsNoteTests */ = {
			isa = PBXGroup;
			children = (
				62AEF79926C310DC00086004 /* ArknightsNoteTests.swift */,
			);
			path = ArknightsNoteTests;
			sourceTree = "<group>";
		};
		62AEF7A226C310DC00086004 /* ArknightsNoteUITests */ = {
			isa = PBXGroup;
			children = (
				62AEF7A326C310DC00086004 /* ArknightsNoteUITests.swift */,
			);
			path = ArknightsNoteUITests;
			sourceTree = "<group>";
		};
		62C121C127558B9500F00B66 /* Character */ = {
			isa = PBXGroup;
			children = (
				62C121C427558C1B00F00B66 /* View */,
				62C121C527558C2000F00B66 /* Controller */,
			);
			path = Character;
			sourceTree = "<group>";
		};
		62C121C427558C1B00F00B66 /* View */ = {
			isa = PBXGroup;
			children = (
				62C121C627558C4000F00B66 /* CharacterTableViewCell.swift */,
				62C121C727558C4000F00B66 /* CharacterTableViewCell.xib */,
			);
			path = View;
			sourceTree = "<group>";
		};
		62C121C527558C2000F00B66 /* Controller */ = {
			isa = PBXGroup;
			children = (
				62C121C227558BC800F00B66 /* CharacterViewController.swift */,
			);
			path = Controller;
			sourceTree = "<group>";
		};
		62E3D557270599F200A3E412 /* Scene */ = {
			isa = PBXGroup;
			children = (
				62C121C127558B9500F00B66 /* Character */,
				620D69D42714291D0018F117 /* Home */,
				62EE4093273EB49C003F3BE5 /* Settings */,
				62E3D55827059A0D00A3E412 /* Recruitment */,
			);
			path = Scene;
			sourceTree = "<group>";
		};
		62E3D55827059A0D00A3E412 /* Recruitment */ = {
			isa = PBXGroup;
			children = (
				62E3D55927059A6200A3E412 /* Selection */,
				62E3D55A27059A8400A3E412 /* Result */,
			);
			path = Recruitment;
			sourceTree = "<group>";
		};
		62E3D55927059A6200A3E412 /* Selection */ = {
			isa = PBXGroup;
			children = (
				62E3D55E27059B8D00A3E412 /* View */,
				62E3D55D27059B8400A3E412 /* Controller */,
			);
			path = Selection;
			sourceTree = "<group>";
		};
		62E3D55A27059A8400A3E412 /* Result */ = {
			isa = PBXGroup;
			children = (
				62E3D55B27059B7600A3E412 /* View */,
				62E3D55C27059B7C00A3E412 /* Controller */,
			);
			path = Result;
			sourceTree = "<group>";
		};
		62E3D55B27059B7600A3E412 /* View */ = {
			isa = PBXGroup;
			children = (
				62A2D60A270CEE3900E89A6D /* RecruitmentResultTableViewCell.swift */,
			);
			path = View;
			sourceTree = "<group>";
		};
		62E3D55C27059B7C00A3E412 /* Controller */ = {
			isa = PBXGroup;
			children = (
				6258A0E926C6734E00CDA04A /* RecruitmentLogicController.swift */,
				6258A0E726C6733300CDA04A /* RecruitmentViewController.swift */,
			);
			path = Controller;
			sourceTree = "<group>";
		};
		62E3D55D27059B8400A3E412 /* Controller */ = {
			isa = PBXGroup;
			children = (
				6258A0F726C83DAF00CDA04A /* RecruitmentTagViewController.swift */,
			);
			path = Controller;
			sourceTree = "<group>";
		};
		62E3D55E27059B8D00A3E412 /* View */ = {
			isa = PBXGroup;
			children = (
				62607B0926C9B10500112C90 /* RecruitmentSelectionTableViewCell.swift */,
			);
			path = View;
			sourceTree = "<group>";
		};
		62EE4093273EB49C003F3BE5 /* Settings */ = {
			isa = PBXGroup;
			children = (
				62EE4095273EB4D6003F3BE5 /* SettingsViewController.swift */,
			);
			path = Settings;
			sourceTree = "<group>";
		};
/* End PBXGroup section */

/* Begin PBXNativeTarget section */
		62AEF77E26C310DA00086004 /* ArknightsNote */ = {
			isa = PBXNativeTarget;
			buildConfigurationList = 62AEF7A726C310DC00086004 /* Build configuration list for PBXNativeTarget "ArknightsNote" */;
			buildPhases = (
				62AEF77B26C310DA00086004 /* Sources */,
				62AEF77C26C310DA00086004 /* Frameworks */,
				62AEF77D26C310DA00086004 /* Resources */,
			);
			buildRules = (
			);
			dependencies = (
			);
			name = ArknightsNote;
			packageProductDependencies = (
				620D69D0271349830018F117 /* Logging */,
				624ED2122718BE8E00BF2D9F /* Kanna */,
			);
			productName = ArknightsNote;
			productReference = 62AEF77F26C310DA00086004 /* ArknightsNote.app */;
			productType = "com.apple.product-type.application";
		};
		62AEF79426C310DC00086004 /* ArknightsNoteTests */ = {
			isa = PBXNativeTarget;
			buildConfigurationList = 62AEF7AA26C310DC00086004 /* Build configuration list for PBXNativeTarget "ArknightsNoteTests" */;
			buildPhases = (
				62AEF79126C310DC00086004 /* Sources */,
				62AEF79226C310DC00086004 /* Frameworks */,
				62AEF79326C310DC00086004 /* Resources */,
			);
			buildRules = (
			);
			dependencies = (
				62AEF79726C310DC00086004 /* PBXTargetDependency */,
			);
			name = ArknightsNoteTests;
			productName = ArknightsNoteTests;
			productReference = 62AEF79526C310DC00086004 /* ArknightsNoteTests.xctest */;
			productType = "com.apple.product-type.bundle.unit-test";
		};
		62AEF79E26C310DC00086004 /* ArknightsNoteUITests */ = {
			isa = PBXNativeTarget;
			buildConfigurationList = 62AEF7AD26C310DC00086004 /* Build configuration list for PBXNativeTarget "ArknightsNoteUITests" */;
			buildPhases = (
				62AEF79B26C310DC00086004 /* Sources */,
				62AEF79C26C310DC00086004 /* Frameworks */,
				62AEF79D26C310DC00086004 /* Resources */,
			);
			buildRules = (
			);
			dependencies = (
				62AEF7A126C310DC00086004 /* PBXTargetDependency */,
			);
			name = ArknightsNoteUITests;
			productName = ArknightsNoteUITests;
			productReference = 62AEF79F26C310DC00086004 /* ArknightsNoteUITests.xctest */;
			productType = "com.apple.product-type.bundle.ui-testing";
		};
/* End PBXNativeTarget section */

/* Begin PBXProject section */
		62AEF77726C310DA00086004 /* Project object */ = {
			isa = PBXProject;
			attributes = {
				BuildIndependentTargetsInParallel = 1;
				LastSwiftUpdateCheck = 1300;
				LastUpgradeCheck = 1300;
				TargetAttributes = {
					62AEF77E26C310DA00086004 = {
						CreatedOnToolsVersion = 13.0;
					};
					62AEF79426C310DC00086004 = {
						CreatedOnToolsVersion = 13.0;
						TestTargetID = 62AEF77E26C310DA00086004;
					};
					62AEF79E26C310DC00086004 = {
						CreatedOnToolsVersion = 13.0;
						TestTargetID = 62AEF77E26C310DA00086004;
					};
				};
			};
			buildConfigurationList = 62AEF77A26C310DA00086004 /* Build configuration list for PBXProject "ArknightsNote" */;
			compatibilityVersion = "Xcode 13.0";
			developmentRegion = en;
			hasScannedForEncodings = 0;
			knownRegions = (
				en,
				Base,
			);
			mainGroup = 62AEF77626C310DA00086004;
			packageReferences = (
				620D69CF271349830018F117 /* XCRemoteSwiftPackageReference "swift-log" */,
				624ED2112718BE8E00BF2D9F /* XCRemoteSwiftPackageReference "Kanna" */,
			);
			productRefGroup = 62AEF78026C310DA00086004 /* Products */;
			projectDirPath = "";
			projectRoot = "";
			targets = (
				62AEF77E26C310DA00086004 /* ArknightsNote */,
				62AEF79426C310DC00086004 /* ArknightsNoteTests */,
				62AEF79E26C310DC00086004 /* ArknightsNoteUITests */,
			);
		};
/* End PBXProject section */

/* Begin PBXResourcesBuildPhase section */
		62AEF77D26C310DA00086004 /* Resources */ = {
			isa = PBXResourcesBuildPhase;
			buildActionMask = 2147483647;
			files = (
				6258A0F426C7C3EE00CDA04A /* character_table.json in Resources */,
				62AEF78F26C310DC00086004 /* LaunchScreen.storyboard in Resources */,
				62C121C927558C4000F00B66 /* CharacterTableViewCell.xib in Resources */,
				62AEF78C26C310DC00086004 /* Assets.xcassets in Resources */,
				62AEF78A26C310DA00086004 /* Main.storyboard in Resources */,
			);
			runOnlyForDeploymentPostprocessing = 0;
		};
		62AEF79326C310DC00086004 /* Resources */ = {
			isa = PBXResourcesBuildPhase;
			buildActionMask = 2147483647;
			files = (
			);
			runOnlyForDeploymentPostprocessing = 0;
		};
		62AEF79D26C310DC00086004 /* Resources */ = {
			isa = PBXResourcesBuildPhase;
			buildActionMask = 2147483647;
			files = (
			);
			runOnlyForDeploymentPostprocessing = 0;
		};
/* End PBXResourcesBuildPhase section */

/* Begin PBXSourcesBuildPhase section */
		62AEF77B26C310DA00086004 /* Sources */ = {
			isa = PBXSourcesBuildPhase;
			buildActionMask = 2147483647;
			files = (
				6258A0E826C6733300CDA04A /* RecruitmentViewController.swift in Sources */,
				6258A0F626C7CB5B00CDA04A /* CharacterStore.swift in Sources */,
				62C121C327558BC800F00B66 /* CharacterViewController.swift in Sources */,
				6294747D26D92DC4008EAC69 /* TagCloudCollectionViewCell.swift in Sources */,
				62AEF78726C310DA00086004 /* ViewController.swift in Sources */,
				6258A0F126C674FD00CDA04A /* RecruitmentStore.swift in Sources */,
				62D9ADC7274A678900EC9C3B /* Agent.swift in Sources */,
				62D9ADCD274A976600EC9C3B /* Extensions.swift in Sources */,
				620D69D3271349BB0018F117 /* Log.swift in Sources */,
				620D69DD27146BEF0018F117 /* MessageStore.swift in Sources */,
				62EE4096273EB4D7003F3BE5 /* SettingsViewController.swift in Sources */,
				62AEF78326C310DA00086004 /* AppDelegate.swift in Sources */,
				62D9ADCB274A91D400EC9C3B /* Util.swift in Sources */,
				620D69DB27142CB80018F117 /* HomeMessageCell.swift in Sources */,
				6258A0EF26C674BB00CDA04A /* Character.swift in Sources */,
				62457071273E6B2300C89F83 /* FileHelper.swift in Sources */,
				6237F70426E9F12D0064A2DA /* TagCloudLayout.swift in Sources */,
				62C121C827558C4000F00B66 /* CharacterTableViewCell.swift in Sources */,
				623645E32717748C000EA644 /* WeiboService.swift in Sources */,
				6245706F273DD53C00C89F83 /* MessageCache.swift in Sources */,
				6258A0F826C83DAF00CDA04A /* RecruitmentTagViewController.swift in Sources */,
				62A2D60B270CEE3900E89A6D /* RecruitmentResultTableViewCell.swift in Sources */,
				620D69D6271429370018F117 /* HomeViewController.swift in Sources */,
				62D9ADC9274A6EEA00EC9C3B /* AppError.swift in Sources */,
				6258A0EA26C6734E00CDA04A /* RecruitmentLogicController.swift in Sources */,
				620D69DF27146CE30018F117 /* WeiboMessage.swift in Sources */,
				62AEF78526C310DA00086004 /* SceneDelegate.swift in Sources */,
				627A3D8C2714944000D56876 /* Defaults.swift in Sources */,
				62607B0F26C9B4DA00112C90 /* TagCollectionView.swift in Sources */,
				62607B0A26C9B10500112C90 /* RecruitmentSelectionTableViewCell.swift in Sources */,
			);
			runOnlyForDeploymentPostprocessing = 0;
		};
		62AEF79126C310DC00086004 /* Sources */ = {
			isa = PBXSourcesBuildPhase;
			buildActionMask = 2147483647;
			files = (
				62AEF79A26C310DC00086004 /* ArknightsNoteTests.swift in Sources */,
			);
			runOnlyForDeploymentPostprocessing = 0;
		};
		62AEF79B26C310DC00086004 /* Sources */ = {
			isa = PBXSourcesBuildPhase;
			buildActionMask = 2147483647;
			files = (
				62AEF7A426C310DC00086004 /* ArknightsNoteUITests.swift in Sources */,
			);
			runOnlyForDeploymentPostprocessing = 0;
		};
/* End PBXSourcesBuildPhase section */

/* Begin PBXTargetDependency section */
		62AEF79726C310DC00086004 /* PBXTargetDependency */ = {
			isa = PBXTargetDependency;
			target = 62AEF77E26C310DA00086004 /* ArknightsNote */;
			targetProxy = 62AEF79626C310DC00086004 /* PBXContainerItemProxy */;
		};
		62AEF7A126C310DC00086004 /* PBXTargetDependency */ = {
			isa = PBXTargetDependency;
			target = 62AEF77E26C310DA00086004 /* ArknightsNote */;
			targetProxy = 62AEF7A026C310DC00086004 /* PBXContainerItemProxy */;
		};
/* End PBXTargetDependency section */

/* Begin PBXVariantGroup section */
		62AEF78826C310DA00086004 /* Main.storyboard */ = {
			isa = PBXVariantGroup;
			children = (
				62AEF78926C310DA00086004 /* Base */,
			);
			name = Main.storyboard;
			sourceTree = "<group>";
		};
		62AEF78D26C310DC00086004 /* LaunchScreen.storyboard */ = {
			isa = PBXVariantGroup;
			children = (
				62AEF78E26C310DC00086004 /* Base */,
			);
			name = LaunchScreen.storyboard;
			sourceTree = "<group>";
		};
/* End PBXVariantGroup section */

/* Begin XCBuildConfiguration section */
		62AEF7A526C310DC00086004 /* Debug */ = {
			isa = XCBuildConfiguration;
			buildSettings = {
				ALWAYS_SEARCH_USER_PATHS = NO;
				CLANG_ANALYZER_NONNULL = YES;
				CLANG_ANALYZER_NUMBER_OBJECT_CONVERSION = YES_AGGRESSIVE;
				CLANG_CXX_LANGUAGE_STANDARD = "gnu++17";
				CLANG_CXX_LIBRARY = "libc++";
				CLANG_ENABLE_MODULES = YES;
				CLANG_ENABLE_OBJC_ARC = YES;
				CLANG_ENABLE_OBJC_WEAK = YES;
				CLANG_WARN_BLOCK_CAPTURE_AUTORELEASING = YES;
				CLANG_WARN_BOOL_CONVERSION = YES;
				CLANG_WARN_COMMA = YES;
				CLANG_WARN_CONSTANT_CONVERSION = YES;
				CLANG_WARN_DEPRECATED_OBJC_IMPLEMENTATIONS = YES;
				CLANG_WARN_DIRECT_OBJC_ISA_USAGE = YES_ERROR;
				CLANG_WARN_DOCUMENTATION_COMMENTS = YES;
				CLANG_WARN_EMPTY_BODY = YES;
				CLANG_WARN_ENUM_CONVERSION = YES;
				CLANG_WARN_INFINITE_RECURSION = YES;
				CLANG_WARN_INT_CONVERSION = YES;
				CLANG_WARN_NON_LITERAL_NULL_CONVERSION = YES;
				CLANG_WARN_OBJC_IMPLICIT_RETAIN_SELF = YES;
				CLANG_WARN_OBJC_LITERAL_CONVERSION = YES;
				CLANG_WARN_OBJC_ROOT_CLASS = YES_ERROR;
				CLANG_WARN_QUOTED_INCLUDE_IN_FRAMEWORK_HEADER = YES;
				CLANG_WARN_RANGE_LOOP_ANALYSIS = YES;
				CLANG_WARN_STRICT_PROTOTYPES = YES;
				CLANG_WARN_SUSPICIOUS_MOVE = YES;
				CLANG_WARN_UNGUARDED_AVAILABILITY = YES_AGGRESSIVE;
				CLANG_WARN_UNREACHABLE_CODE = YES;
				CLANG_WARN__DUPLICATE_METHOD_MATCH = YES;
				COPY_PHASE_STRIP = NO;
				DEBUG_INFORMATION_FORMAT = dwarf;
				ENABLE_STRICT_OBJC_MSGSEND = YES;
				ENABLE_TESTABILITY = YES;
				GCC_C_LANGUAGE_STANDARD = gnu11;
				GCC_DYNAMIC_NO_PIC = NO;
				GCC_NO_COMMON_BLOCKS = YES;
				GCC_OPTIMIZATION_LEVEL = 0;
				GCC_PREPROCESSOR_DEFINITIONS = (
					"DEBUG=1",
					"$(inherited)",
				);
				GCC_WARN_64_TO_32_BIT_CONVERSION = YES;
				GCC_WARN_ABOUT_RETURN_TYPE = YES_ERROR;
				GCC_WARN_UNDECLARED_SELECTOR = YES;
				GCC_WARN_UNINITIALIZED_AUTOS = YES_AGGRESSIVE;
				GCC_WARN_UNUSED_FUNCTION = YES;
				GCC_WARN_UNUSED_VARIABLE = YES;
				IPHONEOS_DEPLOYMENT_TARGET = 15.0;
				MTL_ENABLE_DEBUG_INFO = INCLUDE_SOURCE;
				MTL_FAST_MATH = YES;
				ONLY_ACTIVE_ARCH = YES;
				SDKROOT = iphoneos;
				SWIFT_ACTIVE_COMPILATION_CONDITIONS = DEBUG;
				SWIFT_OPTIMIZATION_LEVEL = "-Onone";
			};
			name = Debug;
		};
		62AEF7A626C310DC00086004 /* Release */ = {
			isa = XCBuildConfiguration;
			buildSettings = {
				ALWAYS_SEARCH_USER_PATHS = NO;
				CLANG_ANALYZER_NONNULL = YES;
				CLANG_ANALYZER_NUMBER_OBJECT_CONVERSION = YES_AGGRESSIVE;
				CLANG_CXX_LANGUAGE_STANDARD = "gnu++17";
				CLANG_CXX_LIBRARY = "libc++";
				CLANG_ENABLE_MODULES = YES;
				CLANG_ENABLE_OBJC_ARC = YES;
				CLANG_ENABLE_OBJC_WEAK = YES;
				CLANG_WARN_BLOCK_CAPTURE_AUTORELEASING = YES;
				CLANG_WARN_BOOL_CONVERSION = YES;
				CLANG_WARN_COMMA = YES;
				CLANG_WARN_CONSTANT_CONVERSION = YES;
				CLANG_WARN_DEPRECATED_OBJC_IMPLEMENTATIONS = YES;
				CLANG_WARN_DIRECT_OBJC_ISA_USAGE = YES_ERROR;
				CLANG_WARN_DOCUMENTATION_COMMENTS = YES;
				CLANG_WARN_EMPTY_BODY = YES;
				CLANG_WARN_ENUM_CONVERSION = YES;
				CLANG_WARN_INFINITE_RECURSION = YES;
				CLANG_WARN_INT_CONVERSION = YES;
				CLANG_WARN_NON_LITERAL_NULL_CONVERSION = YES;
				CLANG_WARN_OBJC_IMPLICIT_RETAIN_SELF = YES;
				CLANG_WARN_OBJC_LITERAL_CONVERSION = YES;
				CLANG_WARN_OBJC_ROOT_CLASS = YES_ERROR;
				CLANG_WARN_QUOTED_INCLUDE_IN_FRAMEWORK_HEADER = YES;
				CLANG_WARN_RANGE_LOOP_ANALYSIS = YES;
				CLANG_WARN_STRICT_PROTOTYPES = YES;
				CLANG_WARN_SUSPICIOUS_MOVE = YES;
				CLANG_WARN_UNGUARDED_AVAILABILITY = YES_AGGRESSIVE;
				CLANG_WARN_UNREACHABLE_CODE = YES;
				CLANG_WARN__DUPLICATE_METHOD_MATCH = YES;
				COPY_PHASE_STRIP = NO;
				DEBUG_INFORMATION_FORMAT = "dwarf-with-dsym";
				ENABLE_NS_ASSERTIONS = NO;
				ENABLE_STRICT_OBJC_MSGSEND = YES;
				GCC_C_LANGUAGE_STANDARD = gnu11;
				GCC_NO_COMMON_BLOCKS = YES;
				GCC_WARN_64_TO_32_BIT_CONVERSION = YES;
				GCC_WARN_ABOUT_RETURN_TYPE = YES_ERROR;
				GCC_WARN_UNDECLARED_SELECTOR = YES;
				GCC_WARN_UNINITIALIZED_AUTOS = YES_AGGRESSIVE;
				GCC_WARN_UNUSED_FUNCTION = YES;
				GCC_WARN_UNUSED_VARIABLE = YES;
				IPHONEOS_DEPLOYMENT_TARGET = 15.0;
				MTL_ENABLE_DEBUG_INFO = NO;
				MTL_FAST_MATH = YES;
				SDKROOT = iphoneos;
				SWIFT_COMPILATION_MODE = wholemodule;
				SWIFT_OPTIMIZATION_LEVEL = "-O";
				VALIDATE_PRODUCT = YES;
			};
			name = Release;
		};
		62AEF7A826C310DC00086004 /* Debug */ = {
			isa = XCBuildConfiguration;
			buildSettings = {
				ASSETCATALOG_COMPILER_APPICON_NAME = AppIcon;
				ASSETCATALOG_COMPILER_GLOBAL_ACCENT_COLOR_NAME = AccentColor;
				CODE_SIGN_STYLE = Automatic;
				CURRENT_PROJECT_VERSION = 1;
				DEVELOPMENT_TEAM = 743R7M7GS9;
				GENERATE_INFOPLIST_FILE = YES;
				INFOPLIST_FILE = ArknightsNote/Info.plist;
				INFOPLIST_KEY_CFBundleDisplayName = "罗德岛笔记";
				INFOPLIST_KEY_UIApplicationSupportsIndirectInputEvents = YES;
				INFOPLIST_KEY_UILaunchStoryboardName = LaunchScreen;
				INFOPLIST_KEY_UIMainStoryboardFile = Main;
				INFOPLIST_KEY_UISupportedInterfaceOrientations_iPad = "UIInterfaceOrientationPortrait UIInterfaceOrientationPortraitUpsideDown UIInterfaceOrientationLandscapeLeft UIInterfaceOrientationLandscapeRight";
				INFOPLIST_KEY_UISupportedInterfaceOrientations_iPhone = "UIInterfaceOrientationPortrait UIInterfaceOrientationLandscapeLeft UIInterfaceOrientationLandscapeRight";
				IPHONEOS_DEPLOYMENT_TARGET = 14.0;
				LD_RUNPATH_SEARCH_PATHS = (
					"$(inherited)",
					"@executable_path/Frameworks",
				);
				MARKETING_VERSION = 1.0;
				PRODUCT_BUNDLE_IDENTIFIER = io.github.ravencrow.experiment.ArknightsNote;
				PRODUCT_NAME = "$(TARGET_NAME)";
				SWIFT_EMIT_LOC_STRINGS = YES;
				SWIFT_VERSION = 5.0;
				TARGETED_DEVICE_FAMILY = "1,2";
			};
			name = Debug;
		};
		62AEF7A926C310DC00086004 /* Release */ = {
			isa = XCBuildConfiguration;
			buildSettings = {
				ASSETCATALOG_COMPILER_APPICON_NAME = AppIcon;
				ASSETCATALOG_COMPILER_GLOBAL_ACCENT_COLOR_NAME = AccentColor;
				CODE_SIGN_STYLE = Automatic;
				CURRENT_PROJECT_VERSION = 1;
				DEVELOPMENT_TEAM = 743R7M7GS9;
				GENERATE_INFOPLIST_FILE = YES;
				INFOPLIST_FILE = ArknightsNote/Info.plist;
				INFOPLIST_KEY_CFBundleDisplayName = "罗德岛笔记";
				INFOPLIST_KEY_UIApplicationSupportsIndirectInputEvents = YES;
				INFOPLIST_KEY_UILaunchStoryboardName = LaunchScreen;
				INFOPLIST_KEY_UIMainStoryboardFile = Main;
				INFOPLIST_KEY_UISupportedInterfaceOrientations_iPad = "UIInterfaceOrientationPortrait UIInterfaceOrientationPortraitUpsideDown UIInterfaceOrientationLandscapeLeft UIInterfaceOrientationLandscapeRight";
				INFOPLIST_KEY_UISupportedInterfaceOrientations_iPhone = "UIInterfaceOrientationPortrait UIInterfaceOrientationLandscapeLeft UIInterfaceOrientationLandscapeRight";
				IPHONEOS_DEPLOYMENT_TARGET = 14.0;
				LD_RUNPATH_SEARCH_PATHS = (
					"$(inherited)",
					"@executable_path/Frameworks",
				);
				MARKETING_VERSION = 1.0;
				PRODUCT_BUNDLE_IDENTIFIER = io.github.ravencrow.experiment.ArknightsNote;
				PRODUCT_NAME = "$(TARGET_NAME)";
				SWIFT_EMIT_LOC_STRINGS = YES;
				SWIFT_VERSION = 5.0;
				TARGETED_DEVICE_FAMILY = "1,2";
			};
			name = Release;
		};
		62AEF7AB26C310DC00086004 /* Debug */ = {
			isa = XCBuildConfiguration;
			buildSettings = {
				ALWAYS_EMBED_SWIFT_STANDARD_LIBRARIES = YES;
				BUNDLE_LOADER = "$(TEST_HOST)";
				CODE_SIGN_STYLE = Automatic;
				CURRENT_PROJECT_VERSION = 1;
				DEVELOPMENT_TEAM = 743R7M7GS9;
				GENERATE_INFOPLIST_FILE = YES;
				IPHONEOS_DEPLOYMENT_TARGET = 15.0;
				LD_RUNPATH_SEARCH_PATHS = (
					"$(inherited)",
					"@executable_path/Frameworks",
					"@loader_path/Frameworks",
				);
				MARKETING_VERSION = 1.0;
				PRODUCT_BUNDLE_IDENTIFIER = io.github.ravencrow.ArknightsNoteTests;
				PRODUCT_NAME = "$(TARGET_NAME)";
				SWIFT_EMIT_LOC_STRINGS = NO;
				SWIFT_VERSION = 5.0;
				TARGETED_DEVICE_FAMILY = "1,2";
				TEST_HOST = "$(BUILT_PRODUCTS_DIR)/ArknightsNote.app/ArknightsNote";
			};
			name = Debug;
		};
		62AEF7AC26C310DC00086004 /* Release */ = {
			isa = XCBuildConfiguration;
			buildSettings = {
				ALWAYS_EMBED_SWIFT_STANDARD_LIBRARIES = YES;
				BUNDLE_LOADER = "$(TEST_HOST)";
				CODE_SIGN_STYLE = Automatic;
				CURRENT_PROJECT_VERSION = 1;
				DEVELOPMENT_TEAM = 743R7M7GS9;
				GENERATE_INFOPLIST_FILE = YES;
				IPHONEOS_DEPLOYMENT_TARGET = 15.0;
				LD_RUNPATH_SEARCH_PATHS = (
					"$(inherited)",
					"@executable_path/Frameworks",
					"@loader_path/Frameworks",
				);
				MARKETING_VERSION = 1.0;
				PRODUCT_BUNDLE_IDENTIFIER = io.github.ravencrow.ArknightsNoteTests;
				PRODUCT_NAME = "$(TARGET_NAME)";
				SWIFT_EMIT_LOC_STRINGS = NO;
				SWIFT_VERSION = 5.0;
				TARGETED_DEVICE_FAMILY = "1,2";
				TEST_HOST = "$(BUILT_PRODUCTS_DIR)/ArknightsNote.app/ArknightsNote";
			};
			name = Release;
		};
		62AEF7AE26C310DC00086004 /* Debug */ = {
			isa = XCBuildConfiguration;
			buildSettings = {
				ALWAYS_EMBED_SWIFT_STANDARD_LIBRARIES = YES;
				CODE_SIGN_STYLE = Automatic;
				CURRENT_PROJECT_VERSION = 1;
				DEVELOPMENT_TEAM = 743R7M7GS9;
				GENERATE_INFOPLIST_FILE = YES;
				LD_RUNPATH_SEARCH_PATHS = (
					"$(inherited)",
					"@executable_path/Frameworks",
					"@loader_path/Frameworks",
				);
				MARKETING_VERSION = 1.0;
				PRODUCT_BUNDLE_IDENTIFIER = io.github.ravencrow.ArknightsNoteUITests;
				PRODUCT_NAME = "$(TARGET_NAME)";
				SWIFT_EMIT_LOC_STRINGS = NO;
				SWIFT_VERSION = 5.0;
				TARGETED_DEVICE_FAMILY = "1,2";
				TEST_TARGET_NAME = ArknightsNote;
			};
			name = Debug;
		};
		62AEF7AF26C310DC00086004 /* Release */ = {
			isa = XCBuildConfiguration;
			buildSettings = {
				ALWAYS_EMBED_SWIFT_STANDARD_LIBRARIES = YES;
				CODE_SIGN_STYLE = Automatic;
				CURRENT_PROJECT_VERSION = 1;
				DEVELOPMENT_TEAM = 743R7M7GS9;
				GENERATE_INFOPLIST_FILE = YES;
				LD_RUNPATH_SEARCH_PATHS = (
					"$(inherited)",
					"@executable_path/Frameworks",
					"@loader_path/Frameworks",
				);
				MARKETING_VERSION = 1.0;
				PRODUCT_BUNDLE_IDENTIFIER = io.github.ravencrow.ArknightsNoteUITests;
				PRODUCT_NAME = "$(TARGET_NAME)";
				SWIFT_EMIT_LOC_STRINGS = NO;
				SWIFT_VERSION = 5.0;
				TARGETED_DEVICE_FAMILY = "1,2";
				TEST_TARGET_NAME = ArknightsNote;
			};
			name = Release;
		};
/* End XCBuildConfiguration section */

/* Begin XCConfigurationList section */
		62AEF77A26C310DA00086004 /* Build configuration list for PBXProject "ArknightsNote" */ = {
			isa = XCConfigurationList;
			buildConfigurations = (
				62AEF7A526C310DC00086004 /* Debug */,
				62AEF7A626C310DC00086004 /* Release */,
			);
			defaultConfigurationIsVisible = 0;
			defaultConfigurationName = Release;
		};
		62AEF7A726C310DC00086004 /* Build configuration list for PBXNativeTarget "ArknightsNote" */ = {
			isa = XCConfigurationList;
			buildConfigurations = (
				62AEF7A826C310DC00086004 /* Debug */,
				62AEF7A926C310DC00086004 /* Release */,
			);
			defaultConfigurationIsVisible = 0;
			defaultConfigurationName = Release;
		};
		62AEF7AA26C310DC00086004 /* Build configuration list for PBXNativeTarget "ArknightsNoteTests" */ = {
			isa = XCConfigurationList;
			buildConfigurations = (
				62AEF7AB26C310DC00086004 /* Debug */,
				62AEF7AC26C310DC00086004 /* Release */,
			);
			defaultConfigurationIsVisible = 0;
			defaultConfigurationName = Release;
		};
		62AEF7AD26C310DC00086004 /* Build configuration list for PBXNativeTarget "ArknightsNoteUITests" */ = {
			isa = XCConfigurationList;
			buildConfigurations = (
				62AEF7AE26C310DC00086004 /* Debug */,
				62AEF7AF26C310DC00086004 /* Release */,
			);
			defaultConfigurationIsVisible = 0;
			defaultConfigurationName = Release;
		};
/* End XCConfigurationList section */

/* Begin XCRemoteSwiftPackageReference section */
		620D69CF271349830018F117 /* XCRemoteSwiftPackageReference "swift-log" */ = {
			isa = XCRemoteSwiftPackageReference;
			repositoryURL = "https://github.com/apple/swift-log";
			requirement = {
				kind = upToNextMajorVersion;
				minimumVersion = 1.0.0;
			};
		};
		624ED2112718BE8E00BF2D9F /* XCRemoteSwiftPackageReference "Kanna" */ = {
			isa = XCRemoteSwiftPackageReference;
			repositoryURL = "https://github.com/tid-kijyun/Kanna";
			requirement = {
				kind = upToNextMajorVersion;
				minimumVersion = 5.0.0;
			};
		};
/* End XCRemoteSwiftPackageReference section */

/* Begin XCSwiftPackageProductDependency section */
		620D69D0271349830018F117 /* Logging */ = {
			isa = XCSwiftPackageProductDependency;
			package = 620D69CF271349830018F117 /* XCRemoteSwiftPackageReference "swift-log" */;
			productName = Logging;
		};
		624ED2122718BE8E00BF2D9F /* Kanna */ = {
			isa = XCSwiftPackageProductDependency;
			package = 624ED2112718BE8E00BF2D9F /* XCRemoteSwiftPackageReference "Kanna" */;
			productName = Kanna;
		};
/* End XCSwiftPackageProductDependency section */
	};
	rootObject = 62AEF77726C310DA00086004 /* Project object */;
}
